
Microsoft Visual Studio Solution File, Format Version 12.00
# Visual Studio Version 17
VisualStudioVersion = 17.5.33627.172
MinimumVisualStudioVersion = 10.0.40219.1
Project("{9A19103F-16F7-4668-BE54-9A1E7A4F7556}") = "Settlements.Test", "Settlements.Test\Settlements.Test.csproj", "{3AB69140-7160-4D46-B07D-57CFACCBFEF9}"
EndProject
Project("{9A19103F-16F7-4668-BE54-9A1E7A4F7556}") = "Settlements.API", "Settlements.API\Settlements.API.csproj", "{92B85E30-DD07-4394-BCFE-74EA5419114D}"
EndProject
Project("{2150E333-8FDC-42A3-9474-1A3956D46DE8}") = "Solution Items", "Solution Items", "{E4330701-B9EA-4AE9-A2CC-25DD84F82462}"
	ProjectSection(SolutionItems) = preProject
		readme.md = readme.md
	EndProjectSection
EndProject
Global
	GlobalSection(SolutionConfigurationPlatforms) = preSolution
		Debug|Any CPU = Debug|Any CPU
		Release|Any CPU = Release|Any CPU
	EndGlobalSection
	GlobalSection(ProjectConfigurationPlatforms) = postSolution
		{3AB69140-7160-4D46-B07D-57CFACCBFEF9}.Debug|Any CPU.ActiveCfg = Debug|Any CPU
		{3AB69140-7160-4D46-B07D-57CFACCBFEF9}.Debug|Any CPU.Build.0 = Debug|Any CPU
		{3AB69140-7160-4D46-B07D-57CFACCBFEF9}.Release|Any CPU.ActiveCfg = Release|Any CPU
		{3AB69140-7160-4D46-B07D-57CFACCBFEF9}.Release|Any CPU.Build.0 = Release|Any CPU
		{92B85E30-DD07-4394-BCFE-74EA5419114D}.Debug|Any CPU.ActiveCfg = Debug|Any CPU
		{92B85E30-DD07-4394-BCFE-74EA5419114D}.Debug|Any CPU.Build.0 = Debug|Any CPU
		{92B85E30-DD07-4394-BCFE-74EA5419114D}.Release|Any CPU.ActiveCfg = Release|Any CPU
		{92B85E30-DD07-4394-BCFE-74EA5419114D}.Release|Any CPU.Build.0 = Release|Any CPU
	EndGlobalSection
	GlobalSection(SolutionProperties) = preSolution
		HideSolutionNode = FALSE
	EndGlobalSection
	GlobalSection(ExtensibilityGlobals) = postSolution
		SolutionGuid = {CCC41689-C276-47C1-995E-D695510734BB}
	EndGlobalSection
EndGlobal
