
Microsoft Visual Studio Solution File, Format Version 12.00
# Visual Studio Version 17
VisualStudioVersion = 17.5.33627.172
MinimumVisualStudioVersion = 10.0.40219.1
Project("{FAE04EC0-301F-11D3-BF4B-00C04F79EFBC}") = "Settlements.API", "Settlements.API\Settlements.API.csproj", "{B01BD6D0-5EB4-44F4-9733-1A2769017839}"
EndProject
Project("{FAE04EC0-301F-11D3-BF4B-00C04F79EFBC}") = "Settlements.Test", "Settlements.Test\Settlements.Test.csproj", "{3AB69140-7160-4D46-B07D-57CFACCBFEF9}"
EndProject
Global
	GlobalSection(SolutionConfigurationPlatforms) = preSolution
		Debug|Any CPU = Debug|Any CPU
		Release|Any CPU = Release|Any CPU
	EndGlobalSection
	GlobalSection(ProjectConfigurationPlatforms) = postSolution
		{B01BD6D0-5EB4-44F4-9733-1A2769017839}.Debug|Any CPU.ActiveCfg = Debug|Any CPU
		{B01BD6D0-5EB4-44F4-9733-1A2769017839}.Debug|Any CPU.Build.0 = Debug|Any CPU
		{B01BD6D0-5EB4-44F4-9733-1A2769017839}.Release|Any CPU.ActiveCfg = Release|Any CPU
		{B01BD6D0-5EB4-44F4-9733-1A2769017839}.Release|Any CPU.Build.0 = Release|Any CPU
		{3AB69140-7160-4D46-B07D-57CFACCBFEF9}.Debug|Any CPU.ActiveCfg = Debug|Any CPU
		{3AB69140-7160-4D46-B07D-57CFACCBFEF9}.Debug|Any CPU.Build.0 = Debug|Any CPU
		{3AB69140-7160-4D46-B07D-57CFACCBFEF9}.Release|Any CPU.ActiveCfg = Release|Any CPU
		{3AB69140-7160-4D46-B07D-57CFACCBFEF9}.Release|Any CPU.Build.0 = Release|Any CPU
	EndGlobalSection
	GlobalSection(SolutionProperties) = preSolution
		HideSolutionNode = FALSE
	EndGlobalSection
	GlobalSection(ExtensibilityGlobals) = postSolution
		SolutionGuid = {CCC41689-C276-47C1-995E-D695510734BB}
	EndGlobalSection
EndGlobal
